
Microsoft Visual Studio Solution File, Format Version 12.00
# Visual Studio 14
VisualStudioVersion = 14.0.23107.0
MinimumVisualStudioVersion = 10.0.40219.1
Project("{8BC9CEB8-8B4A-11D0-8D11-00A0C91BC942}") = "Polymorph", "Polymorph\Polymorph.vcxproj", "{7A2E44FE-2E11-410A-9DC8-50F1A3C9290A}"
EndProject
Project("{8BC9CEB8-8B4A-11D0-8D11-00A0C91BC942}") = "LinkedList", "LinkedList\LinkedList.vcxproj", "{91208D97-890F-41C2-AEC4-EA6EF889FBD3}"
EndProject
Project("{8BC9CEB8-8B4A-11D0-8D11-00A0C91BC942}") = "TreeStuff", "TreeStuff\TreeStuff.vcxproj", "{5B21B2A4-64D7-4B07-8580-4797A0F4BBF7}"
EndProject
Project("{8BC9CEB8-8B4A-11D0-8D11-00A0C91BC942}") = "Class2016", "Class\Class.vcxproj", "{715E374E-96B4-4E09-BF80-65B581BA9D63}"
EndProject
Project("{8BC9CEB8-8B4A-11D0-8D11-00A0C91BC942}") = "Operator", "Operator\Operator.vcxproj", "{84A41BF9-5664-4264-8D32-E28D5A36C56A}"
EndProject
Project("{8BC9CEB8-8B4A-11D0-8D11-00A0C91BC942}") = "CopyCtor", "CopyCtor\CopyCtor.vcxproj", "{F35FE991-AB24-4D1C-BD8D-834C852D1F95}"
EndProject
Global
	GlobalSection(SolutionConfigurationPlatforms) = preSolution
		Debug|Mixed Platforms = Debug|Mixed Platforms
		Debug|Win32 = Debug|Win32
		Debug|x64 = Debug|x64
		Debug|x86 = Debug|x86
		Release|Mixed Platforms = Release|Mixed Platforms
		Release|Win32 = Release|Win32
		Release|x64 = Release|x64
		Release|x86 = Release|x86
	EndGlobalSection
	GlobalSection(ProjectConfigurationPlatforms) = postSolution
		{7A2E44FE-2E11-410A-9DC8-50F1A3C9290A}.Debug|Mixed Platforms.ActiveCfg = Debug|Win32
		{7A2E44FE-2E11-410A-9DC8-50F1A3C9290A}.Debug|Mixed Platforms.Build.0 = Debug|Win32
		{7A2E44FE-2E11-410A-9DC8-50F1A3C9290A}.Debug|Win32.ActiveCfg = Debug|Win32
		{7A2E44FE-2E11-410A-9DC8-50F1A3C9290A}.Debug|Win32.Build.0 = Debug|Win32
		{7A2E44FE-2E11-410A-9DC8-50F1A3C9290A}.Debug|x64.ActiveCfg = Debug|x64
		{7A2E44FE-2E11-410A-9DC8-50F1A3C9290A}.Debug|x64.Build.0 = Debug|x64
		{7A2E44FE-2E11-410A-9DC8-50F1A3C9290A}.Debug|x86.ActiveCfg = Debug|Win32
		{7A2E44FE-2E11-410A-9DC8-50F1A3C9290A}.Debug|x86.Build.0 = Debug|Win32
		{7A2E44FE-2E11-410A-9DC8-50F1A3C9290A}.Release|Mixed Platforms.ActiveCfg = Release|Win32
		{7A2E44FE-2E11-410A-9DC8-50F1A3C9290A}.Release|Mixed Platforms.Build.0 = Release|Win32
		{7A2E44FE-2E11-410A-9DC8-50F1A3C9290A}.Release|Win32.ActiveCfg = Release|Win32
		{7A2E44FE-2E11-410A-9DC8-50F1A3C9290A}.Release|Win32.Build.0 = Release|Win32
		{7A2E44FE-2E11-410A-9DC8-50F1A3C9290A}.Release|x64.ActiveCfg = Release|x64
		{7A2E44FE-2E11-410A-9DC8-50F1A3C9290A}.Release|x64.Build.0 = Release|x64
		{7A2E44FE-2E11-410A-9DC8-50F1A3C9290A}.Release|x86.ActiveCfg = Release|Win32
		{7A2E44FE-2E11-410A-9DC8-50F1A3C9290A}.Release|x86.Build.0 = Release|Win32
		{91208D97-890F-41C2-AEC4-EA6EF889FBD3}.Debug|Mixed Platforms.ActiveCfg = Debug|Win32
		{91208D97-890F-41C2-AEC4-EA6EF889FBD3}.Debug|Mixed Platforms.Build.0 = Debug|Win32
		{91208D97-890F-41C2-AEC4-EA6EF889FBD3}.Debug|Win32.ActiveCfg = Debug|Win32
		{91208D97-890F-41C2-AEC4-EA6EF889FBD3}.Debug|Win32.Build.0 = Debug|Win32
		{91208D97-890F-41C2-AEC4-EA6EF889FBD3}.Debug|x64.ActiveCfg = Debug|x64
		{91208D97-890F-41C2-AEC4-EA6EF889FBD3}.Debug|x64.Build.0 = Debug|x64
		{91208D97-890F-41C2-AEC4-EA6EF889FBD3}.Debug|x86.ActiveCfg = Debug|Win32
		{91208D97-890F-41C2-AEC4-EA6EF889FBD3}.Debug|x86.Build.0 = Debug|Win32
		{91208D97-890F-41C2-AEC4-EA6EF889FBD3}.Release|Mixed Platforms.ActiveCfg = Release|Win32
		{91208D97-890F-41C2-AEC4-EA6EF889FBD3}.Release|Mixed Platforms.Build.0 = Release|Win32
		{91208D97-890F-41C2-AEC4-EA6EF889FBD3}.Release|Win32.ActiveCfg = Release|Win32
		{91208D97-890F-41C2-AEC4-EA6EF889FBD3}.Release|Win32.Build.0 = Release|Win32
		{91208D97-890F-41C2-AEC4-EA6EF889FBD3}.Release|x64.ActiveCfg = Release|x64
		{91208D97-890F-41C2-AEC4-EA6EF889FBD3}.Release|x64.Build.0 = Release|x64
		{91208D97-890F-41C2-AEC4-EA6EF889FBD3}.Release|x86.ActiveCfg = Release|Win32
		{91208D97-890F-41C2-AEC4-EA6EF889FBD3}.Release|x86.Build.0 = Release|Win32
		{5B21B2A4-64D7-4B07-8580-4797A0F4BBF7}.Debug|Mixed Platforms.ActiveCfg = Debug|Win32
		{5B21B2A4-64D7-4B07-8580-4797A0F4BBF7}.Debug|Mixed Platforms.Build.0 = Debug|Win32
		{5B21B2A4-64D7-4B07-8580-4797A0F4BBF7}.Debug|Win32.ActiveCfg = Debug|Win32
		{5B21B2A4-64D7-4B07-8580-4797A0F4BBF7}.Debug|Win32.Build.0 = Debug|Win32
		{5B21B2A4-64D7-4B07-8580-4797A0F4BBF7}.Debug|x64.ActiveCfg = Debug|x64
		{5B21B2A4-64D7-4B07-8580-4797A0F4BBF7}.Debug|x64.Build.0 = Debug|x64
		{5B21B2A4-64D7-4B07-8580-4797A0F4BBF7}.Debug|x86.ActiveCfg = Debug|Win32
		{5B21B2A4-64D7-4B07-8580-4797A0F4BBF7}.Debug|x86.Build.0 = Debug|Win32
		{5B21B2A4-64D7-4B07-8580-4797A0F4BBF7}.Release|Mixed Platforms.ActiveCfg = Release|Win32
		{5B21B2A4-64D7-4B07-8580-4797A0F4BBF7}.Release|Mixed Platforms.Build.0 = Release|Win32
		{5B21B2A4-64D7-4B07-8580-4797A0F4BBF7}.Release|Win32.ActiveCfg = Release|Win32
		{5B21B2A4-64D7-4B07-8580-4797A0F4BBF7}.Release|Win32.Build.0 = Release|Win32
		{5B21B2A4-64D7-4B07-8580-4797A0F4BBF7}.Release|x64.ActiveCfg = Release|x64
		{5B21B2A4-64D7-4B07-8580-4797A0F4BBF7}.Release|x64.Build.0 = Release|x64
		{5B21B2A4-64D7-4B07-8580-4797A0F4BBF7}.Release|x86.ActiveCfg = Release|Win32
		{5B21B2A4-64D7-4B07-8580-4797A0F4BBF7}.Release|x86.Build.0 = Release|Win32
		{715E374E-96B4-4E09-BF80-65B581BA9D63}.Debug|Mixed Platforms.ActiveCfg = Debug|Win32
		{715E374E-96B4-4E09-BF80-65B581BA9D63}.Debug|Mixed Platforms.Build.0 = Debug|Win32
		{715E374E-96B4-4E09-BF80-65B581BA9D63}.Debug|Win32.ActiveCfg = Debug|Win32
		{715E374E-96B4-4E09-BF80-65B581BA9D63}.Debug|Win32.Build.0 = Debug|Win32
		{715E374E-96B4-4E09-BF80-65B581BA9D63}.Debug|x64.ActiveCfg = Debug|x64
		{715E374E-96B4-4E09-BF80-65B581BA9D63}.Debug|x64.Build.0 = Debug|x64
		{715E374E-96B4-4E09-BF80-65B581BA9D63}.Debug|x86.ActiveCfg = Debug|Win32
		{715E374E-96B4-4E09-BF80-65B581BA9D63}.Debug|x86.Build.0 = Debug|Win32
		{715E374E-96B4-4E09-BF80-65B581BA9D63}.Release|Mixed Platforms.ActiveCfg = Release|Win32
		{715E374E-96B4-4E09-BF80-65B581BA9D63}.Release|Mixed Platforms.Build.0 = Release|Win32
		{715E374E-96B4-4E09-BF80-65B581BA9D63}.Release|Win32.ActiveCfg = Release|Win32
		{715E374E-96B4-4E09-BF80-65B581BA9D63}.Release|Win32.Build.0 = Release|Win32
		{715E374E-96B4-4E09-BF80-65B581BA9D63}.Release|x64.ActiveCfg = Release|x64
		{715E374E-96B4-4E09-BF80-65B581BA9D63}.Release|x64.Build.0 = Release|x64
		{715E374E-96B4-4E09-BF80-65B581BA9D63}.Release|x86.ActiveCfg = Release|Win32
		{715E374E-96B4-4E09-BF80-65B581BA9D63}.Release|x86.Build.0 = Release|Win32
		{84A41BF9-5664-4264-8D32-E28D5A36C56A}.Debug|Mixed Platforms.ActiveCfg = Debug|Win32
		{84A41BF9-5664-4264-8D32-E28D5A36C56A}.Debug|Mixed Platforms.Build.0 = Debug|Win32
		{84A41BF9-5664-4264-8D32-E28D5A36C56A}.Debug|Win32.ActiveCfg = Debug|Win32
		{84A41BF9-5664-4264-8D32-E28D5A36C56A}.Debug|Win32.Build.0 = Debug|Win32
		{84A41BF9-5664-4264-8D32-E28D5A36C56A}.Debug|x64.ActiveCfg = Debug|Win32
		{84A41BF9-5664-4264-8D32-E28D5A36C56A}.Debug|x86.ActiveCfg = Debug|Win32
		{84A41BF9-5664-4264-8D32-E28D5A36C56A}.Debug|x86.Build.0 = Debug|Win32
		{84A41BF9-5664-4264-8D32-E28D5A36C56A}.Release|Mixed Platforms.ActiveCfg = Release|Win32
		{84A41BF9-5664-4264-8D32-E28D5A36C56A}.Release|Mixed Platforms.Build.0 = Release|Win32
		{84A41BF9-5664-4264-8D32-E28D5A36C56A}.Release|Win32.ActiveCfg = Release|Win32
		{84A41BF9-5664-4264-8D32-E28D5A36C56A}.Release|Win32.Build.0 = Release|Win32
		{84A41BF9-5664-4264-8D32-E28D5A36C56A}.Release|x64.ActiveCfg = Release|Win32
		{84A41BF9-5664-4264-8D32-E28D5A36C56A}.Release|x86.ActiveCfg = Release|Win32
		{84A41BF9-5664-4264-8D32-E28D5A36C56A}.Release|x86.Build.0 = Release|Win32
		{F35FE991-AB24-4D1C-BD8D-834C852D1F95}.Debug|Mixed Platforms.ActiveCfg = Debug|Win32
		{F35FE991-AB24-4D1C-BD8D-834C852D1F95}.Debug|Mixed Platforms.Build.0 = Debug|Win32
		{F35FE991-AB24-4D1C-BD8D-834C852D1F95}.Debug|Win32.ActiveCfg = Debug|Win32
		{F35FE991-AB24-4D1C-BD8D-834C852D1F95}.Debug|Win32.Build.0 = Debug|Win32
		{F35FE991-AB24-4D1C-BD8D-834C852D1F95}.Debug|x64.ActiveCfg = Debug|x64
		{F35FE991-AB24-4D1C-BD8D-834C852D1F95}.Debug|x64.Build.0 = Debug|x64
		{F35FE991-AB24-4D1C-BD8D-834C852D1F95}.Debug|x86.ActiveCfg = Debug|Win32
		{F35FE991-AB24-4D1C-BD8D-834C852D1F95}.Debug|x86.Build.0 = Debug|Win32
		{F35FE991-AB24-4D1C-BD8D-834C852D1F95}.Release|Mixed Platforms.ActiveCfg = Release|Win32
		{F35FE991-AB24-4D1C-BD8D-834C852D1F95}.Release|Mixed Platforms.Build.0 = Release|Win32
		{F35FE991-AB24-4D1C-BD8D-834C852D1F95}.Release|Win32.ActiveCfg = Release|Win32
		{F35FE991-AB24-4D1C-BD8D-834C852D1F95}.Release|Win32.Build.0 = Release|Win32
		{F35FE991-AB24-4D1C-BD8D-834C852D1F95}.Release|x64.ActiveCfg = Release|x64
		{F35FE991-AB24-4D1C-BD8D-834C852D1F95}.Release|x64.Build.0 = Release|x64
		{F35FE991-AB24-4D1C-BD8D-834C852D1F95}.Release|x86.ActiveCfg = Release|Win32
		{F35FE991-AB24-4D1C-BD8D-834C852D1F95}.Release|x86.Build.0 = Release|Win32
	EndGlobalSection
	GlobalSection(SolutionProperties) = preSolution
		HideSolutionNode = FALSE
	EndGlobalSection
EndGlobal
