
Microsoft Visual Studio Solution File, Format Version 12.00
# Visual Studio 14
VisualStudioVersion = 14.0.25123.0
MinimumVisualStudioVersion = 10.0.40219.1
Project("{8BC9CEB8-8B4A-11D0-8D11-00A0C91BC942}") = "Polymorph", "Polymorph\Polymorph.vcxproj", "{7A2E44FE-2E11-410A-9DC8-50F1A3C9290A}"
EndProject
Project("{8BC9CEB8-8B4A-11D0-8D11-00A0C91BC942}") = "LinkedList", "LinkedList\LinkedList.vcxproj", "{91208D97-890F-41C2-AEC4-EA6EF889FBD3}"
EndProject
Project("{8BC9CEB8-8B4A-11D0-8D11-00A0C91BC942}") = "TreeStuff", "TreeStuff\TreeStuff.vcxproj", "{5B21B2A4-64D7-4B07-8580-4797A0F4BBF7}"
EndProject
Project("{8BC9CEB8-8B4A-11D0-8D11-00A0C91BC942}") = "Class2016", "Class\Class.vcxproj", "{715E374E-96B4-4E09-BF80-65B581BA9D63}"
EndProject
Project("{8BC9CEB8-8B4A-11D0-8D11-00A0C91BC942}") = "Operator", "Operator\Operator.vcxproj", "{84A41BF9-5664-4264-8D32-E28D5A36C56A}"
EndProject
Project("{8BC9CEB8-8B4A-11D0-8D11-00A0C91BC942}") = "CopyCtor", "CopyCtor\CopyCtor.vcxproj", "{F35FE991-AB24-4D1C-BD8D-834C852D1F95}"
EndProject
Project("{2150E333-8FDC-42A3-9474-1A3956D46DE8}") = "Solution Items", "Solution Items", "{4276F7CA-4795-4B57-8CF1-FABB9D03B243}"
	ProjectSection(SolutionItems) = preProject
		README.md = README.md
	EndProjectSection
EndProject
Project("{8BC9CEB8-8B4A-11D0-8D11-00A0C91BC942}") = "Heirarchy", "Heirarchy\Heirarchy.vcxproj", "{D7E9B4DC-F482-4D8F-9898-378AE8344648}"
EndProject
Project("{8BC9CEB8-8B4A-11D0-8D11-00A0C91BC942}") = "UnitTest", "UnitTest\UnitTest.vcxproj", "{D73C82F9-BF36-41EC-A17B-65ABFA49691B}"
EndProject
Project("{8BC9CEB8-8B4A-11D0-8D11-00A0C91BC942}") = "Exceptions", "Exceptions\Exceptions.vcxproj", "{CDF63969-262B-4A1C-9908-A6A3EF75C5B6}"
EndProject
Project("{8BC9CEB8-8B4A-11D0-8D11-00A0C91BC942}") = "Abstract", "Abstract\Abstract.vcxproj", "{8F8470C3-C5E3-4B84-B293-FD575D2E9ACC}"
EndProject
Project("{8BC9CEB8-8B4A-11D0-8D11-00A0C91BC942}") = "Assessment_Tasks", "Accessment_Tasks\Accessment_Tasks.vcxproj", "{1D4AEE1F-23AF-4F8D-81F1-B1062266923B}"
EndProject
Project("{8BC9CEB8-8B4A-11D0-8D11-00A0C91BC942}") = "Stack", "Stack\Stack.vcxproj", "{BE4E1ED6-DDBF-4CCD-B456-EC1821DA1720}"
EndProject
Project("{8BC9CEB8-8B4A-11D0-8D11-00A0C91BC942}") = "ListIterator", "ListIterator\ListIterator.vcxproj", "{2A328FDC-75D7-40CC-8169-62AD65F4FAE6}"
EndProject
Project("{8BC9CEB8-8B4A-11D0-8D11-00A0C91BC942}") = "TemplateStack", "TemplateStack\TemplateStack.vcxproj", "{F4E0A7EB-68E4-4648-9349-486EB4C250BB}"
EndProject
Project("{8BC9CEB8-8B4A-11D0-8D11-00A0C91BC942}") = "TemplateQueue", "TemplateQueue\TemplateQueue.vcxproj", "{011FA155-1995-411D-8907-3449BCEECA2D}"
EndProject
Project("{8BC9CEB8-8B4A-11D0-8D11-00A0C91BC942}") = "TemplateTree", "TemplateTree\TemplateTree.vcxproj", "{FE2ED556-7482-4613-BD1D-D3C2A97AC11A}"
EndProject
Project("{8BC9CEB8-8B4A-11D0-8D11-00A0C91BC942}") = "BinarySearchTree", "BinarySearchTree\BinarySearchTree.vcxproj", "{0297D639-3C79-4556-9449-105BFD23E540}"
EndProject
Project("{8BC9CEB8-8B4A-11D0-8D11-00A0C91BC942}") = "StlVector", "StlVector\StlVector.vcxproj", "{B0FA4F3C-6AE7-4AD9-8B6A-B39A7AEA6069}"
EndProject
Project("{8BC9CEB8-8B4A-11D0-8D11-00A0C91BC942}") = "TemplateIterator", "TemplateIterator\TemplateIterator.vcxproj", "{73A72445-FD9B-4B9A-AD59-E20862D95E3D}"
EndProject
Project("{8BC9CEB8-8B4A-11D0-8D11-00A0C91BC942}") = "StlChrono", "StlChrono\StlChrono.vcxproj", "{1BF632CF-E23E-4D52-A2F8-9D73A2888572}"
EndProject
Project("{8BC9CEB8-8B4A-11D0-8D11-00A0C91BC942}") = "UniquePointer", "UniquePointer\UniquePointer.vcxproj", "{0292A845-087B-414E-82F8-47B764D9EFB2}"
EndProject
Global
	GlobalSection(SolutionConfigurationPlatforms) = preSolution
		Debug|Mixed Platforms = Debug|Mixed Platforms
		Debug|Win32 = Debug|Win32
		Debug|x64 = Debug|x64
		Debug|x86 = Debug|x86
		Release|Mixed Platforms = Release|Mixed Platforms
		Release|Win32 = Release|Win32
		Release|x64 = Release|x64
		Release|x86 = Release|x86
	EndGlobalSection
	GlobalSection(ProjectConfigurationPlatforms) = postSolution
		{7A2E44FE-2E11-410A-9DC8-50F1A3C9290A}.Debug|Mixed Platforms.ActiveCfg = Debug|Win32
		{7A2E44FE-2E11-410A-9DC8-50F1A3C9290A}.Debug|Mixed Platforms.Build.0 = Debug|Win32
		{7A2E44FE-2E11-410A-9DC8-50F1A3C9290A}.Debug|Win32.ActiveCfg = Debug|Win32
		{7A2E44FE-2E11-410A-9DC8-50F1A3C9290A}.Debug|Win32.Build.0 = Debug|Win32
		{7A2E44FE-2E11-410A-9DC8-50F1A3C9290A}.Debug|x64.ActiveCfg = Debug|x64
		{7A2E44FE-2E11-410A-9DC8-50F1A3C9290A}.Debug|x64.Build.0 = Debug|x64
		{7A2E44FE-2E11-410A-9DC8-50F1A3C9290A}.Debug|x86.ActiveCfg = Debug|Win32
		{7A2E44FE-2E11-410A-9DC8-50F1A3C9290A}.Debug|x86.Build.0 = Debug|Win32
		{7A2E44FE-2E11-410A-9DC8-50F1A3C9290A}.Release|Mixed Platforms.ActiveCfg = Release|Win32
		{7A2E44FE-2E11-410A-9DC8-50F1A3C9290A}.Release|Mixed Platforms.Build.0 = Release|Win32
		{7A2E44FE-2E11-410A-9DC8-50F1A3C9290A}.Release|Win32.ActiveCfg = Release|Win32
		{7A2E44FE-2E11-410A-9DC8-50F1A3C9290A}.Release|Win32.Build.0 = Release|Win32
		{7A2E44FE-2E11-410A-9DC8-50F1A3C9290A}.Release|x64.ActiveCfg = Release|x64
		{7A2E44FE-2E11-410A-9DC8-50F1A3C9290A}.Release|x64.Build.0 = Release|x64
		{7A2E44FE-2E11-410A-9DC8-50F1A3C9290A}.Release|x86.ActiveCfg = Release|Win32
		{7A2E44FE-2E11-410A-9DC8-50F1A3C9290A}.Release|x86.Build.0 = Release|Win32
		{91208D97-890F-41C2-AEC4-EA6EF889FBD3}.Debug|Mixed Platforms.ActiveCfg = Debug|Win32
		{91208D97-890F-41C2-AEC4-EA6EF889FBD3}.Debug|Mixed Platforms.Build.0 = Debug|Win32
		{91208D97-890F-41C2-AEC4-EA6EF889FBD3}.Debug|Win32.ActiveCfg = Debug|Win32
		{91208D97-890F-41C2-AEC4-EA6EF889FBD3}.Debug|Win32.Build.0 = Debug|Win32
		{91208D97-890F-41C2-AEC4-EA6EF889FBD3}.Debug|x64.ActiveCfg = Debug|x64
		{91208D97-890F-41C2-AEC4-EA6EF889FBD3}.Debug|x64.Build.0 = Debug|x64
		{91208D97-890F-41C2-AEC4-EA6EF889FBD3}.Debug|x86.ActiveCfg = Debug|Win32
		{91208D97-890F-41C2-AEC4-EA6EF889FBD3}.Debug|x86.Build.0 = Debug|Win32
		{91208D97-890F-41C2-AEC4-EA6EF889FBD3}.Release|Mixed Platforms.ActiveCfg = Release|Win32
		{91208D97-890F-41C2-AEC4-EA6EF889FBD3}.Release|Mixed Platforms.Build.0 = Release|Win32
		{91208D97-890F-41C2-AEC4-EA6EF889FBD3}.Release|Win32.ActiveCfg = Release|Win32
		{91208D97-890F-41C2-AEC4-EA6EF889FBD3}.Release|Win32.Build.0 = Release|Win32
		{91208D97-890F-41C2-AEC4-EA6EF889FBD3}.Release|x64.ActiveCfg = Release|x64
		{91208D97-890F-41C2-AEC4-EA6EF889FBD3}.Release|x64.Build.0 = Release|x64
		{91208D97-890F-41C2-AEC4-EA6EF889FBD3}.Release|x86.ActiveCfg = Release|Win32
		{91208D97-890F-41C2-AEC4-EA6EF889FBD3}.Release|x86.Build.0 = Release|Win32
		{5B21B2A4-64D7-4B07-8580-4797A0F4BBF7}.Debug|Mixed Platforms.ActiveCfg = Debug|Win32
		{5B21B2A4-64D7-4B07-8580-4797A0F4BBF7}.Debug|Mixed Platforms.Build.0 = Debug|Win32
		{5B21B2A4-64D7-4B07-8580-4797A0F4BBF7}.Debug|Win32.ActiveCfg = Debug|Win32
		{5B21B2A4-64D7-4B07-8580-4797A0F4BBF7}.Debug|Win32.Build.0 = Debug|Win32
		{5B21B2A4-64D7-4B07-8580-4797A0F4BBF7}.Debug|x64.ActiveCfg = Debug|x64
		{5B21B2A4-64D7-4B07-8580-4797A0F4BBF7}.Debug|x64.Build.0 = Debug|x64
		{5B21B2A4-64D7-4B07-8580-4797A0F4BBF7}.Debug|x86.ActiveCfg = Debug|Win32
		{5B21B2A4-64D7-4B07-8580-4797A0F4BBF7}.Debug|x86.Build.0 = Debug|Win32
		{5B21B2A4-64D7-4B07-8580-4797A0F4BBF7}.Release|Mixed Platforms.ActiveCfg = Release|Win32
		{5B21B2A4-64D7-4B07-8580-4797A0F4BBF7}.Release|Mixed Platforms.Build.0 = Release|Win32
		{5B21B2A4-64D7-4B07-8580-4797A0F4BBF7}.Release|Win32.ActiveCfg = Release|Win32
		{5B21B2A4-64D7-4B07-8580-4797A0F4BBF7}.Release|Win32.Build.0 = Release|Win32
		{5B21B2A4-64D7-4B07-8580-4797A0F4BBF7}.Release|x64.ActiveCfg = Release|x64
		{5B21B2A4-64D7-4B07-8580-4797A0F4BBF7}.Release|x64.Build.0 = Release|x64
		{5B21B2A4-64D7-4B07-8580-4797A0F4BBF7}.Release|x86.ActiveCfg = Release|Win32
		{5B21B2A4-64D7-4B07-8580-4797A0F4BBF7}.Release|x86.Build.0 = Release|Win32
		{715E374E-96B4-4E09-BF80-65B581BA9D63}.Debug|Mixed Platforms.ActiveCfg = Debug|Win32
		{715E374E-96B4-4E09-BF80-65B581BA9D63}.Debug|Mixed Platforms.Build.0 = Debug|Win32
		{715E374E-96B4-4E09-BF80-65B581BA9D63}.Debug|Win32.ActiveCfg = Debug|Win32
		{715E374E-96B4-4E09-BF80-65B581BA9D63}.Debug|Win32.Build.0 = Debug|Win32
		{715E374E-96B4-4E09-BF80-65B581BA9D63}.Debug|x64.ActiveCfg = Debug|x64
		{715E374E-96B4-4E09-BF80-65B581BA9D63}.Debug|x64.Build.0 = Debug|x64
		{715E374E-96B4-4E09-BF80-65B581BA9D63}.Debug|x86.ActiveCfg = Debug|Win32
		{715E374E-96B4-4E09-BF80-65B581BA9D63}.Debug|x86.Build.0 = Debug|Win32
		{715E374E-96B4-4E09-BF80-65B581BA9D63}.Release|Mixed Platforms.ActiveCfg = Release|Win32
		{715E374E-96B4-4E09-BF80-65B581BA9D63}.Release|Mixed Platforms.Build.0 = Release|Win32
		{715E374E-96B4-4E09-BF80-65B581BA9D63}.Release|Win32.ActiveCfg = Release|Win32
		{715E374E-96B4-4E09-BF80-65B581BA9D63}.Release|Win32.Build.0 = Release|Win32
		{715E374E-96B4-4E09-BF80-65B581BA9D63}.Release|x64.ActiveCfg = Release|x64
		{715E374E-96B4-4E09-BF80-65B581BA9D63}.Release|x64.Build.0 = Release|x64
		{715E374E-96B4-4E09-BF80-65B581BA9D63}.Release|x86.ActiveCfg = Release|Win32
		{715E374E-96B4-4E09-BF80-65B581BA9D63}.Release|x86.Build.0 = Release|Win32
		{84A41BF9-5664-4264-8D32-E28D5A36C56A}.Debug|Mixed Platforms.ActiveCfg = Debug|Win32
		{84A41BF9-5664-4264-8D32-E28D5A36C56A}.Debug|Mixed Platforms.Build.0 = Debug|Win32
		{84A41BF9-5664-4264-8D32-E28D5A36C56A}.Debug|Win32.ActiveCfg = Debug|Win32
		{84A41BF9-5664-4264-8D32-E28D5A36C56A}.Debug|Win32.Build.0 = Debug|Win32
		{84A41BF9-5664-4264-8D32-E28D5A36C56A}.Debug|x64.ActiveCfg = Debug|Win32
		{84A41BF9-5664-4264-8D32-E28D5A36C56A}.Debug|x86.ActiveCfg = Debug|Win32
		{84A41BF9-5664-4264-8D32-E28D5A36C56A}.Debug|x86.Build.0 = Debug|Win32
		{84A41BF9-5664-4264-8D32-E28D5A36C56A}.Release|Mixed Platforms.ActiveCfg = Release|Win32
		{84A41BF9-5664-4264-8D32-E28D5A36C56A}.Release|Mixed Platforms.Build.0 = Release|Win32
		{84A41BF9-5664-4264-8D32-E28D5A36C56A}.Release|Win32.ActiveCfg = Release|Win32
		{84A41BF9-5664-4264-8D32-E28D5A36C56A}.Release|Win32.Build.0 = Release|Win32
		{84A41BF9-5664-4264-8D32-E28D5A36C56A}.Release|x64.ActiveCfg = Release|Win32
		{84A41BF9-5664-4264-8D32-E28D5A36C56A}.Release|x86.ActiveCfg = Release|Win32
		{84A41BF9-5664-4264-8D32-E28D5A36C56A}.Release|x86.Build.0 = Release|Win32
		{F35FE991-AB24-4D1C-BD8D-834C852D1F95}.Debug|Mixed Platforms.ActiveCfg = Debug|Win32
		{F35FE991-AB24-4D1C-BD8D-834C852D1F95}.Debug|Mixed Platforms.Build.0 = Debug|Win32
		{F35FE991-AB24-4D1C-BD8D-834C852D1F95}.Debug|Win32.ActiveCfg = Debug|Win32
		{F35FE991-AB24-4D1C-BD8D-834C852D1F95}.Debug|Win32.Build.0 = Debug|Win32
		{F35FE991-AB24-4D1C-BD8D-834C852D1F95}.Debug|x64.ActiveCfg = Debug|x64
		{F35FE991-AB24-4D1C-BD8D-834C852D1F95}.Debug|x64.Build.0 = Debug|x64
		{F35FE991-AB24-4D1C-BD8D-834C852D1F95}.Debug|x86.ActiveCfg = Debug|Win32
		{F35FE991-AB24-4D1C-BD8D-834C852D1F95}.Debug|x86.Build.0 = Debug|Win32
		{F35FE991-AB24-4D1C-BD8D-834C852D1F95}.Release|Mixed Platforms.ActiveCfg = Release|Win32
		{F35FE991-AB24-4D1C-BD8D-834C852D1F95}.Release|Mixed Platforms.Build.0 = Release|Win32
		{F35FE991-AB24-4D1C-BD8D-834C852D1F95}.Release|Win32.ActiveCfg = Release|Win32
		{F35FE991-AB24-4D1C-BD8D-834C852D1F95}.Release|Win32.Build.0 = Release|Win32
		{F35FE991-AB24-4D1C-BD8D-834C852D1F95}.Release|x64.ActiveCfg = Release|x64
		{F35FE991-AB24-4D1C-BD8D-834C852D1F95}.Release|x64.Build.0 = Release|x64
		{F35FE991-AB24-4D1C-BD8D-834C852D1F95}.Release|x86.ActiveCfg = Release|Win32
		{F35FE991-AB24-4D1C-BD8D-834C852D1F95}.Release|x86.Build.0 = Release|Win32
		{D7E9B4DC-F482-4D8F-9898-378AE8344648}.Debug|Mixed Platforms.ActiveCfg = Debug|Win32
		{D7E9B4DC-F482-4D8F-9898-378AE8344648}.Debug|Mixed Platforms.Build.0 = Debug|Win32
		{D7E9B4DC-F482-4D8F-9898-378AE8344648}.Debug|Win32.ActiveCfg = Debug|Win32
		{D7E9B4DC-F482-4D8F-9898-378AE8344648}.Debug|Win32.Build.0 = Debug|Win32
		{D7E9B4DC-F482-4D8F-9898-378AE8344648}.Debug|x64.ActiveCfg = Debug|x64
		{D7E9B4DC-F482-4D8F-9898-378AE8344648}.Debug|x64.Build.0 = Debug|x64
		{D7E9B4DC-F482-4D8F-9898-378AE8344648}.Debug|x86.ActiveCfg = Debug|Win32
		{D7E9B4DC-F482-4D8F-9898-378AE8344648}.Debug|x86.Build.0 = Debug|Win32
		{D7E9B4DC-F482-4D8F-9898-378AE8344648}.Release|Mixed Platforms.ActiveCfg = Release|Win32
		{D7E9B4DC-F482-4D8F-9898-378AE8344648}.Release|Mixed Platforms.Build.0 = Release|Win32
		{D7E9B4DC-F482-4D8F-9898-378AE8344648}.Release|Win32.ActiveCfg = Release|Win32
		{D7E9B4DC-F482-4D8F-9898-378AE8344648}.Release|Win32.Build.0 = Release|Win32
		{D7E9B4DC-F482-4D8F-9898-378AE8344648}.Release|x64.ActiveCfg = Release|x64
		{D7E9B4DC-F482-4D8F-9898-378AE8344648}.Release|x64.Build.0 = Release|x64
		{D7E9B4DC-F482-4D8F-9898-378AE8344648}.Release|x86.ActiveCfg = Release|Win32
		{D7E9B4DC-F482-4D8F-9898-378AE8344648}.Release|x86.Build.0 = Release|Win32
		{D73C82F9-BF36-41EC-A17B-65ABFA49691B}.Debug|Mixed Platforms.ActiveCfg = Debug|Win32
		{D73C82F9-BF36-41EC-A17B-65ABFA49691B}.Debug|Mixed Platforms.Build.0 = Debug|Win32
		{D73C82F9-BF36-41EC-A17B-65ABFA49691B}.Debug|Win32.ActiveCfg = Debug|Win32
		{D73C82F9-BF36-41EC-A17B-65ABFA49691B}.Debug|Win32.Build.0 = Debug|Win32
		{D73C82F9-BF36-41EC-A17B-65ABFA49691B}.Debug|x64.ActiveCfg = Debug|x64
		{D73C82F9-BF36-41EC-A17B-65ABFA49691B}.Debug|x64.Build.0 = Debug|x64
		{D73C82F9-BF36-41EC-A17B-65ABFA49691B}.Debug|x86.ActiveCfg = Debug|Win32
		{D73C82F9-BF36-41EC-A17B-65ABFA49691B}.Debug|x86.Build.0 = Debug|Win32
		{D73C82F9-BF36-41EC-A17B-65ABFA49691B}.Release|Mixed Platforms.ActiveCfg = Release|Win32
		{D73C82F9-BF36-41EC-A17B-65ABFA49691B}.Release|Mixed Platforms.Build.0 = Release|Win32
		{D73C82F9-BF36-41EC-A17B-65ABFA49691B}.Release|Win32.ActiveCfg = Release|Win32
		{D73C82F9-BF36-41EC-A17B-65ABFA49691B}.Release|Win32.Build.0 = Release|Win32
		{D73C82F9-BF36-41EC-A17B-65ABFA49691B}.Release|x64.ActiveCfg = Release|x64
		{D73C82F9-BF36-41EC-A17B-65ABFA49691B}.Release|x64.Build.0 = Release|x64
		{D73C82F9-BF36-41EC-A17B-65ABFA49691B}.Release|x86.ActiveCfg = Release|Win32
		{D73C82F9-BF36-41EC-A17B-65ABFA49691B}.Release|x86.Build.0 = Release|Win32
		{CDF63969-262B-4A1C-9908-A6A3EF75C5B6}.Debug|Mixed Platforms.ActiveCfg = Debug|Win32
		{CDF63969-262B-4A1C-9908-A6A3EF75C5B6}.Debug|Mixed Platforms.Build.0 = Debug|Win32
		{CDF63969-262B-4A1C-9908-A6A3EF75C5B6}.Debug|Win32.ActiveCfg = Debug|Win32
		{CDF63969-262B-4A1C-9908-A6A3EF75C5B6}.Debug|Win32.Build.0 = Debug|Win32
		{CDF63969-262B-4A1C-9908-A6A3EF75C5B6}.Debug|x64.ActiveCfg = Debug|x64
		{CDF63969-262B-4A1C-9908-A6A3EF75C5B6}.Debug|x64.Build.0 = Debug|x64
		{CDF63969-262B-4A1C-9908-A6A3EF75C5B6}.Debug|x86.ActiveCfg = Debug|Win32
		{CDF63969-262B-4A1C-9908-A6A3EF75C5B6}.Debug|x86.Build.0 = Debug|Win32
		{CDF63969-262B-4A1C-9908-A6A3EF75C5B6}.Release|Mixed Platforms.ActiveCfg = Release|Win32
		{CDF63969-262B-4A1C-9908-A6A3EF75C5B6}.Release|Mixed Platforms.Build.0 = Release|Win32
		{CDF63969-262B-4A1C-9908-A6A3EF75C5B6}.Release|Win32.ActiveCfg = Release|Win32
		{CDF63969-262B-4A1C-9908-A6A3EF75C5B6}.Release|Win32.Build.0 = Release|Win32
		{CDF63969-262B-4A1C-9908-A6A3EF75C5B6}.Release|x64.ActiveCfg = Release|x64
		{CDF63969-262B-4A1C-9908-A6A3EF75C5B6}.Release|x64.Build.0 = Release|x64
		{CDF63969-262B-4A1C-9908-A6A3EF75C5B6}.Release|x86.ActiveCfg = Release|Win32
		{CDF63969-262B-4A1C-9908-A6A3EF75C5B6}.Release|x86.Build.0 = Release|Win32
		{8F8470C3-C5E3-4B84-B293-FD575D2E9ACC}.Debug|Mixed Platforms.ActiveCfg = Debug|Win32
		{8F8470C3-C5E3-4B84-B293-FD575D2E9ACC}.Debug|Mixed Platforms.Build.0 = Debug|Win32
		{8F8470C3-C5E3-4B84-B293-FD575D2E9ACC}.Debug|Win32.ActiveCfg = Debug|Win32
		{8F8470C3-C5E3-4B84-B293-FD575D2E9ACC}.Debug|Win32.Build.0 = Debug|Win32
		{8F8470C3-C5E3-4B84-B293-FD575D2E9ACC}.Debug|x64.ActiveCfg = Debug|x64
		{8F8470C3-C5E3-4B84-B293-FD575D2E9ACC}.Debug|x64.Build.0 = Debug|x64
		{8F8470C3-C5E3-4B84-B293-FD575D2E9ACC}.Debug|x86.ActiveCfg = Debug|Win32
		{8F8470C3-C5E3-4B84-B293-FD575D2E9ACC}.Debug|x86.Build.0 = Debug|Win32
		{8F8470C3-C5E3-4B84-B293-FD575D2E9ACC}.Release|Mixed Platforms.ActiveCfg = Release|Win32
		{8F8470C3-C5E3-4B84-B293-FD575D2E9ACC}.Release|Mixed Platforms.Build.0 = Release|Win32
		{8F8470C3-C5E3-4B84-B293-FD575D2E9ACC}.Release|Win32.ActiveCfg = Release|Win32
		{8F8470C3-C5E3-4B84-B293-FD575D2E9ACC}.Release|Win32.Build.0 = Release|Win32
		{8F8470C3-C5E3-4B84-B293-FD575D2E9ACC}.Release|x64.ActiveCfg = Release|x64
		{8F8470C3-C5E3-4B84-B293-FD575D2E9ACC}.Release|x64.Build.0 = Release|x64
		{8F8470C3-C5E3-4B84-B293-FD575D2E9ACC}.Release|x86.ActiveCfg = Release|Win32
		{8F8470C3-C5E3-4B84-B293-FD575D2E9ACC}.Release|x86.Build.0 = Release|Win32
		{1D4AEE1F-23AF-4F8D-81F1-B1062266923B}.Debug|Mixed Platforms.ActiveCfg = Debug|Win32
		{1D4AEE1F-23AF-4F8D-81F1-B1062266923B}.Debug|Mixed Platforms.Build.0 = Debug|Win32
		{1D4AEE1F-23AF-4F8D-81F1-B1062266923B}.Debug|Win32.ActiveCfg = Debug|Win32
		{1D4AEE1F-23AF-4F8D-81F1-B1062266923B}.Debug|Win32.Build.0 = Debug|Win32
		{1D4AEE1F-23AF-4F8D-81F1-B1062266923B}.Debug|x64.ActiveCfg = Debug|x64
		{1D4AEE1F-23AF-4F8D-81F1-B1062266923B}.Debug|x64.Build.0 = Debug|x64
		{1D4AEE1F-23AF-4F8D-81F1-B1062266923B}.Debug|x86.ActiveCfg = Debug|Win32
		{1D4AEE1F-23AF-4F8D-81F1-B1062266923B}.Debug|x86.Build.0 = Debug|Win32
		{1D4AEE1F-23AF-4F8D-81F1-B1062266923B}.Release|Mixed Platforms.ActiveCfg = Release|Win32
		{1D4AEE1F-23AF-4F8D-81F1-B1062266923B}.Release|Mixed Platforms.Build.0 = Release|Win32
		{1D4AEE1F-23AF-4F8D-81F1-B1062266923B}.Release|Win32.ActiveCfg = Release|Win32
		{1D4AEE1F-23AF-4F8D-81F1-B1062266923B}.Release|Win32.Build.0 = Release|Win32
		{1D4AEE1F-23AF-4F8D-81F1-B1062266923B}.Release|x64.ActiveCfg = Release|x64
		{1D4AEE1F-23AF-4F8D-81F1-B1062266923B}.Release|x64.Build.0 = Release|x64
		{1D4AEE1F-23AF-4F8D-81F1-B1062266923B}.Release|x86.ActiveCfg = Release|Win32
		{1D4AEE1F-23AF-4F8D-81F1-B1062266923B}.Release|x86.Build.0 = Release|Win32
		{BE4E1ED6-DDBF-4CCD-B456-EC1821DA1720}.Debug|Mixed Platforms.ActiveCfg = Debug|Win32
		{BE4E1ED6-DDBF-4CCD-B456-EC1821DA1720}.Debug|Mixed Platforms.Build.0 = Debug|Win32
		{BE4E1ED6-DDBF-4CCD-B456-EC1821DA1720}.Debug|Win32.ActiveCfg = Debug|Win32
		{BE4E1ED6-DDBF-4CCD-B456-EC1821DA1720}.Debug|Win32.Build.0 = Debug|Win32
		{BE4E1ED6-DDBF-4CCD-B456-EC1821DA1720}.Debug|x64.ActiveCfg = Debug|x64
		{BE4E1ED6-DDBF-4CCD-B456-EC1821DA1720}.Debug|x64.Build.0 = Debug|x64
		{BE4E1ED6-DDBF-4CCD-B456-EC1821DA1720}.Debug|x86.ActiveCfg = Debug|Win32
		{BE4E1ED6-DDBF-4CCD-B456-EC1821DA1720}.Debug|x86.Build.0 = Debug|Win32
		{BE4E1ED6-DDBF-4CCD-B456-EC1821DA1720}.Release|Mixed Platforms.ActiveCfg = Release|Win32
		{BE4E1ED6-DDBF-4CCD-B456-EC1821DA1720}.Release|Mixed Platforms.Build.0 = Release|Win32
		{BE4E1ED6-DDBF-4CCD-B456-EC1821DA1720}.Release|Win32.ActiveCfg = Release|Win32
		{BE4E1ED6-DDBF-4CCD-B456-EC1821DA1720}.Release|Win32.Build.0 = Release|Win32
		{BE4E1ED6-DDBF-4CCD-B456-EC1821DA1720}.Release|x64.ActiveCfg = Release|x64
		{BE4E1ED6-DDBF-4CCD-B456-EC1821DA1720}.Release|x64.Build.0 = Release|x64
		{BE4E1ED6-DDBF-4CCD-B456-EC1821DA1720}.Release|x86.ActiveCfg = Release|Win32
		{BE4E1ED6-DDBF-4CCD-B456-EC1821DA1720}.Release|x86.Build.0 = Release|Win32
		{2A328FDC-75D7-40CC-8169-62AD65F4FAE6}.Debug|Mixed Platforms.ActiveCfg = Debug|Win32
		{2A328FDC-75D7-40CC-8169-62AD65F4FAE6}.Debug|Mixed Platforms.Build.0 = Debug|Win32
		{2A328FDC-75D7-40CC-8169-62AD65F4FAE6}.Debug|Win32.ActiveCfg = Debug|Win32
		{2A328FDC-75D7-40CC-8169-62AD65F4FAE6}.Debug|Win32.Build.0 = Debug|Win32
		{2A328FDC-75D7-40CC-8169-62AD65F4FAE6}.Debug|x64.ActiveCfg = Debug|x64
		{2A328FDC-75D7-40CC-8169-62AD65F4FAE6}.Debug|x64.Build.0 = Debug|x64
		{2A328FDC-75D7-40CC-8169-62AD65F4FAE6}.Debug|x86.ActiveCfg = Debug|Win32
		{2A328FDC-75D7-40CC-8169-62AD65F4FAE6}.Debug|x86.Build.0 = Debug|Win32
		{2A328FDC-75D7-40CC-8169-62AD65F4FAE6}.Release|Mixed Platforms.ActiveCfg = Release|Win32
		{2A328FDC-75D7-40CC-8169-62AD65F4FAE6}.Release|Mixed Platforms.Build.0 = Release|Win32
		{2A328FDC-75D7-40CC-8169-62AD65F4FAE6}.Release|Win32.ActiveCfg = Release|Win32
		{2A328FDC-75D7-40CC-8169-62AD65F4FAE6}.Release|Win32.Build.0 = Release|Win32
		{2A328FDC-75D7-40CC-8169-62AD65F4FAE6}.Release|x64.ActiveCfg = Release|x64
		{2A328FDC-75D7-40CC-8169-62AD65F4FAE6}.Release|x64.Build.0 = Release|x64
		{2A328FDC-75D7-40CC-8169-62AD65F4FAE6}.Release|x86.ActiveCfg = Release|Win32
		{2A328FDC-75D7-40CC-8169-62AD65F4FAE6}.Release|x86.Build.0 = Release|Win32
		{F4E0A7EB-68E4-4648-9349-486EB4C250BB}.Debug|Mixed Platforms.ActiveCfg = Debug|Win32
		{F4E0A7EB-68E4-4648-9349-486EB4C250BB}.Debug|Mixed Platforms.Build.0 = Debug|Win32
		{F4E0A7EB-68E4-4648-9349-486EB4C250BB}.Debug|Win32.ActiveCfg = Debug|Win32
		{F4E0A7EB-68E4-4648-9349-486EB4C250BB}.Debug|Win32.Build.0 = Debug|Win32
		{F4E0A7EB-68E4-4648-9349-486EB4C250BB}.Debug|x64.ActiveCfg = Debug|x64
		{F4E0A7EB-68E4-4648-9349-486EB4C250BB}.Debug|x64.Build.0 = Debug|x64
		{F4E0A7EB-68E4-4648-9349-486EB4C250BB}.Debug|x86.ActiveCfg = Debug|Win32
		{F4E0A7EB-68E4-4648-9349-486EB4C250BB}.Debug|x86.Build.0 = Debug|Win32
		{F4E0A7EB-68E4-4648-9349-486EB4C250BB}.Release|Mixed Platforms.ActiveCfg = Release|Win32
		{F4E0A7EB-68E4-4648-9349-486EB4C250BB}.Release|Mixed Platforms.Build.0 = Release|Win32
		{F4E0A7EB-68E4-4648-9349-486EB4C250BB}.Release|Win32.ActiveCfg = Release|Win32
		{F4E0A7EB-68E4-4648-9349-486EB4C250BB}.Release|Win32.Build.0 = Release|Win32
		{F4E0A7EB-68E4-4648-9349-486EB4C250BB}.Release|x64.ActiveCfg = Release|x64
		{F4E0A7EB-68E4-4648-9349-486EB4C250BB}.Release|x64.Build.0 = Release|x64
		{F4E0A7EB-68E4-4648-9349-486EB4C250BB}.Release|x86.ActiveCfg = Release|Win32
		{F4E0A7EB-68E4-4648-9349-486EB4C250BB}.Release|x86.Build.0 = Release|Win32
		{011FA155-1995-411D-8907-3449BCEECA2D}.Debug|Mixed Platforms.ActiveCfg = Debug|Win32
		{011FA155-1995-411D-8907-3449BCEECA2D}.Debug|Mixed Platforms.Build.0 = Debug|Win32
		{011FA155-1995-411D-8907-3449BCEECA2D}.Debug|Win32.ActiveCfg = Debug|Win32
		{011FA155-1995-411D-8907-3449BCEECA2D}.Debug|Win32.Build.0 = Debug|Win32
		{011FA155-1995-411D-8907-3449BCEECA2D}.Debug|x64.ActiveCfg = Debug|x64
		{011FA155-1995-411D-8907-3449BCEECA2D}.Debug|x64.Build.0 = Debug|x64
		{011FA155-1995-411D-8907-3449BCEECA2D}.Debug|x86.ActiveCfg = Debug|Win32
		{011FA155-1995-411D-8907-3449BCEECA2D}.Debug|x86.Build.0 = Debug|Win32
		{011FA155-1995-411D-8907-3449BCEECA2D}.Release|Mixed Platforms.ActiveCfg = Release|Win32
		{011FA155-1995-411D-8907-3449BCEECA2D}.Release|Mixed Platforms.Build.0 = Release|Win32
		{011FA155-1995-411D-8907-3449BCEECA2D}.Release|Win32.ActiveCfg = Release|Win32
		{011FA155-1995-411D-8907-3449BCEECA2D}.Release|Win32.Build.0 = Release|Win32
		{011FA155-1995-411D-8907-3449BCEECA2D}.Release|x64.ActiveCfg = Release|x64
		{011FA155-1995-411D-8907-3449BCEECA2D}.Release|x64.Build.0 = Release|x64
		{011FA155-1995-411D-8907-3449BCEECA2D}.Release|x86.ActiveCfg = Release|Win32
		{011FA155-1995-411D-8907-3449BCEECA2D}.Release|x86.Build.0 = Release|Win32
		{FE2ED556-7482-4613-BD1D-D3C2A97AC11A}.Debug|Mixed Platforms.ActiveCfg = Debug|Win32
		{FE2ED556-7482-4613-BD1D-D3C2A97AC11A}.Debug|Mixed Platforms.Build.0 = Debug|Win32
		{FE2ED556-7482-4613-BD1D-D3C2A97AC11A}.Debug|Win32.ActiveCfg = Debug|Win32
		{FE2ED556-7482-4613-BD1D-D3C2A97AC11A}.Debug|Win32.Build.0 = Debug|Win32
		{FE2ED556-7482-4613-BD1D-D3C2A97AC11A}.Debug|x64.ActiveCfg = Debug|x64
		{FE2ED556-7482-4613-BD1D-D3C2A97AC11A}.Debug|x64.Build.0 = Debug|x64
		{FE2ED556-7482-4613-BD1D-D3C2A97AC11A}.Debug|x86.ActiveCfg = Debug|Win32
		{FE2ED556-7482-4613-BD1D-D3C2A97AC11A}.Debug|x86.Build.0 = Debug|Win32
		{FE2ED556-7482-4613-BD1D-D3C2A97AC11A}.Release|Mixed Platforms.ActiveCfg = Release|Win32
		{FE2ED556-7482-4613-BD1D-D3C2A97AC11A}.Release|Mixed Platforms.Build.0 = Release|Win32
		{FE2ED556-7482-4613-BD1D-D3C2A97AC11A}.Release|Win32.ActiveCfg = Release|Win32
		{FE2ED556-7482-4613-BD1D-D3C2A97AC11A}.Release|Win32.Build.0 = Release|Win32
		{FE2ED556-7482-4613-BD1D-D3C2A97AC11A}.Release|x64.ActiveCfg = Release|x64
		{FE2ED556-7482-4613-BD1D-D3C2A97AC11A}.Release|x64.Build.0 = Release|x64
		{FE2ED556-7482-4613-BD1D-D3C2A97AC11A}.Release|x86.ActiveCfg = Release|Win32
		{FE2ED556-7482-4613-BD1D-D3C2A97AC11A}.Release|x86.Build.0 = Release|Win32
		{0297D639-3C79-4556-9449-105BFD23E540}.Debug|Mixed Platforms.ActiveCfg = Debug|Win32
		{0297D639-3C79-4556-9449-105BFD23E540}.Debug|Mixed Platforms.Build.0 = Debug|Win32
		{0297D639-3C79-4556-9449-105BFD23E540}.Debug|Win32.ActiveCfg = Debug|Win32
		{0297D639-3C79-4556-9449-105BFD23E540}.Debug|Win32.Build.0 = Debug|Win32
		{0297D639-3C79-4556-9449-105BFD23E540}.Debug|x64.ActiveCfg = Debug|x64
		{0297D639-3C79-4556-9449-105BFD23E540}.Debug|x64.Build.0 = Debug|x64
		{0297D639-3C79-4556-9449-105BFD23E540}.Debug|x86.ActiveCfg = Debug|Win32
		{0297D639-3C79-4556-9449-105BFD23E540}.Debug|x86.Build.0 = Debug|Win32
		{0297D639-3C79-4556-9449-105BFD23E540}.Release|Mixed Platforms.ActiveCfg = Release|Win32
		{0297D639-3C79-4556-9449-105BFD23E540}.Release|Mixed Platforms.Build.0 = Release|Win32
		{0297D639-3C79-4556-9449-105BFD23E540}.Release|Win32.ActiveCfg = Release|Win32
		{0297D639-3C79-4556-9449-105BFD23E540}.Release|Win32.Build.0 = Release|Win32
		{0297D639-3C79-4556-9449-105BFD23E540}.Release|x64.ActiveCfg = Release|x64
		{0297D639-3C79-4556-9449-105BFD23E540}.Release|x64.Build.0 = Release|x64
		{0297D639-3C79-4556-9449-105BFD23E540}.Release|x86.ActiveCfg = Release|Win32
		{0297D639-3C79-4556-9449-105BFD23E540}.Release|x86.Build.0 = Release|Win32
		{B0FA4F3C-6AE7-4AD9-8B6A-B39A7AEA6069}.Debug|Mixed Platforms.ActiveCfg = Debug|Win32
		{B0FA4F3C-6AE7-4AD9-8B6A-B39A7AEA6069}.Debug|Mixed Platforms.Build.0 = Debug|Win32
		{B0FA4F3C-6AE7-4AD9-8B6A-B39A7AEA6069}.Debug|Win32.ActiveCfg = Debug|Win32
		{B0FA4F3C-6AE7-4AD9-8B6A-B39A7AEA6069}.Debug|Win32.Build.0 = Debug|Win32
		{B0FA4F3C-6AE7-4AD9-8B6A-B39A7AEA6069}.Debug|x64.ActiveCfg = Debug|x64
		{B0FA4F3C-6AE7-4AD9-8B6A-B39A7AEA6069}.Debug|x64.Build.0 = Debug|x64
		{B0FA4F3C-6AE7-4AD9-8B6A-B39A7AEA6069}.Debug|x86.ActiveCfg = Debug|Win32
		{B0FA4F3C-6AE7-4AD9-8B6A-B39A7AEA6069}.Debug|x86.Build.0 = Debug|Win32
		{B0FA4F3C-6AE7-4AD9-8B6A-B39A7AEA6069}.Release|Mixed Platforms.ActiveCfg = Release|Win32
		{B0FA4F3C-6AE7-4AD9-8B6A-B39A7AEA6069}.Release|Mixed Platforms.Build.0 = Release|Win32
		{B0FA4F3C-6AE7-4AD9-8B6A-B39A7AEA6069}.Release|Win32.ActiveCfg = Release|Win32
		{B0FA4F3C-6AE7-4AD9-8B6A-B39A7AEA6069}.Release|Win32.Build.0 = Release|Win32
		{B0FA4F3C-6AE7-4AD9-8B6A-B39A7AEA6069}.Release|x64.ActiveCfg = Release|x64
		{B0FA4F3C-6AE7-4AD9-8B6A-B39A7AEA6069}.Release|x64.Build.0 = Release|x64
		{B0FA4F3C-6AE7-4AD9-8B6A-B39A7AEA6069}.Release|x86.ActiveCfg = Release|Win32
		{B0FA4F3C-6AE7-4AD9-8B6A-B39A7AEA6069}.Release|x86.Build.0 = Release|Win32
		{73A72445-FD9B-4B9A-AD59-E20862D95E3D}.Debug|Mixed Platforms.ActiveCfg = Debug|Win32
		{73A72445-FD9B-4B9A-AD59-E20862D95E3D}.Debug|Mixed Platforms.Build.0 = Debug|Win32
		{73A72445-FD9B-4B9A-AD59-E20862D95E3D}.Debug|Win32.ActiveCfg = Debug|Win32
		{73A72445-FD9B-4B9A-AD59-E20862D95E3D}.Debug|Win32.Build.0 = Debug|Win32
		{73A72445-FD9B-4B9A-AD59-E20862D95E3D}.Debug|x64.ActiveCfg = Debug|x64
		{73A72445-FD9B-4B9A-AD59-E20862D95E3D}.Debug|x64.Build.0 = Debug|x64
		{73A72445-FD9B-4B9A-AD59-E20862D95E3D}.Debug|x86.ActiveCfg = Debug|Win32
		{73A72445-FD9B-4B9A-AD59-E20862D95E3D}.Debug|x86.Build.0 = Debug|Win32
		{73A72445-FD9B-4B9A-AD59-E20862D95E3D}.Release|Mixed Platforms.ActiveCfg = Release|Win32
		{73A72445-FD9B-4B9A-AD59-E20862D95E3D}.Release|Mixed Platforms.Build.0 = Release|Win32
		{73A72445-FD9B-4B9A-AD59-E20862D95E3D}.Release|Win32.ActiveCfg = Release|Win32
		{73A72445-FD9B-4B9A-AD59-E20862D95E3D}.Release|Win32.Build.0 = Release|Win32
		{73A72445-FD9B-4B9A-AD59-E20862D95E3D}.Release|x64.ActiveCfg = Release|x64
		{73A72445-FD9B-4B9A-AD59-E20862D95E3D}.Release|x64.Build.0 = Release|x64
		{73A72445-FD9B-4B9A-AD59-E20862D95E3D}.Release|x86.ActiveCfg = Release|Win32
		{73A72445-FD9B-4B9A-AD59-E20862D95E3D}.Release|x86.Build.0 = Release|Win32
		{1BF632CF-E23E-4D52-A2F8-9D73A2888572}.Debug|Mixed Platforms.ActiveCfg = Debug|Win32
		{1BF632CF-E23E-4D52-A2F8-9D73A2888572}.Debug|Mixed Platforms.Build.0 = Debug|Win32
		{1BF632CF-E23E-4D52-A2F8-9D73A2888572}.Debug|Win32.ActiveCfg = Debug|Win32
		{1BF632CF-E23E-4D52-A2F8-9D73A2888572}.Debug|Win32.Build.0 = Debug|Win32
		{1BF632CF-E23E-4D52-A2F8-9D73A2888572}.Debug|x64.ActiveCfg = Debug|x64
		{1BF632CF-E23E-4D52-A2F8-9D73A2888572}.Debug|x64.Build.0 = Debug|x64
		{1BF632CF-E23E-4D52-A2F8-9D73A2888572}.Debug|x86.ActiveCfg = Debug|Win32
		{1BF632CF-E23E-4D52-A2F8-9D73A2888572}.Debug|x86.Build.0 = Debug|Win32
		{1BF632CF-E23E-4D52-A2F8-9D73A2888572}.Release|Mixed Platforms.ActiveCfg = Release|Win32
		{1BF632CF-E23E-4D52-A2F8-9D73A2888572}.Release|Mixed Platforms.Build.0 = Release|Win32
		{1BF632CF-E23E-4D52-A2F8-9D73A2888572}.Release|Win32.ActiveCfg = Release|Win32
		{1BF632CF-E23E-4D52-A2F8-9D73A2888572}.Release|Win32.Build.0 = Release|Win32
		{1BF632CF-E23E-4D52-A2F8-9D73A2888572}.Release|x64.ActiveCfg = Release|x64
		{1BF632CF-E23E-4D52-A2F8-9D73A2888572}.Release|x64.Build.0 = Release|x64
		{1BF632CF-E23E-4D52-A2F8-9D73A2888572}.Release|x86.ActiveCfg = Release|Win32
		{1BF632CF-E23E-4D52-A2F8-9D73A2888572}.Release|x86.Build.0 = Release|Win32
		{0292A845-087B-414E-82F8-47B764D9EFB2}.Debug|Mixed Platforms.ActiveCfg = Debug|Win32
		{0292A845-087B-414E-82F8-47B764D9EFB2}.Debug|Mixed Platforms.Build.0 = Debug|Win32
		{0292A845-087B-414E-82F8-47B764D9EFB2}.Debug|Win32.ActiveCfg = Debug|Win32
		{0292A845-087B-414E-82F8-47B764D9EFB2}.Debug|Win32.Build.0 = Debug|Win32
		{0292A845-087B-414E-82F8-47B764D9EFB2}.Debug|x64.ActiveCfg = Debug|x64
		{0292A845-087B-414E-82F8-47B764D9EFB2}.Debug|x64.Build.0 = Debug|x64
		{0292A845-087B-414E-82F8-47B764D9EFB2}.Debug|x86.ActiveCfg = Debug|Win32
		{0292A845-087B-414E-82F8-47B764D9EFB2}.Debug|x86.Build.0 = Debug|Win32
		{0292A845-087B-414E-82F8-47B764D9EFB2}.Release|Mixed Platforms.ActiveCfg = Release|Win32
		{0292A845-087B-414E-82F8-47B764D9EFB2}.Release|Mixed Platforms.Build.0 = Release|Win32
		{0292A845-087B-414E-82F8-47B764D9EFB2}.Release|Win32.ActiveCfg = Release|Win32
		{0292A845-087B-414E-82F8-47B764D9EFB2}.Release|Win32.Build.0 = Release|Win32
		{0292A845-087B-414E-82F8-47B764D9EFB2}.Release|x64.ActiveCfg = Release|x64
		{0292A845-087B-414E-82F8-47B764D9EFB2}.Release|x64.Build.0 = Release|x64
		{0292A845-087B-414E-82F8-47B764D9EFB2}.Release|x86.ActiveCfg = Release|Win32
		{0292A845-087B-414E-82F8-47B764D9EFB2}.Release|x86.Build.0 = Release|Win32
	EndGlobalSection
	GlobalSection(SolutionProperties) = preSolution
		HideSolutionNode = FALSE
	EndGlobalSection
EndGlobal
